
Microsoft Visual Studio Solution File, Format Version 12.00
# Visual Studio 15
VisualStudioVersion = 15.0.27130.2036
MinimumVisualStudioVersion = 10.0.40219.1
Project("{8BC9CEB8-8B4A-11D0-8D11-00A0C91BC942}") = "1", "1\1.vcxproj", "{F4539168-9621-46B2-B4E4-363176B7712D}"
EndProject
Project("{8BC9CEB8-8B4A-11D0-8D11-00A0C91BC942}") = "2", "2\2.vcxproj", "{65B3C085-805F-4562-8D29-E77DF9E5BA14}"
EndProject
Project("{8BC9CEB8-8B4A-11D0-8D11-00A0C91BC942}") = "3", "3\3.vcxproj", "{115DE8CC-5DBE-4EC6-93EE-5EC890ADD122}"
EndProject
Project("{8BC9CEB8-8B4A-11D0-8D11-00A0C91BC942}") = "4-1", "4-1\4-1.vcxproj", "{BF5ECB75-C6D1-4B2C-9B6F-F06154B09391}"
EndProject
Project("{8BC9CEB8-8B4A-11D0-8D11-00A0C91BC942}") = "4-2", "4-2\4-2.vcxproj", "{7F04A706-2763-482B-A408-75AD9F2FEB2C}"
EndProject
Project("{8BC9CEB8-8B4A-11D0-8D11-00A0C91BC942}") = "4-3", "4-3\4-3.vcxproj", "{9EA1051A-2672-4C76-9818-C9608383F6CA}"
EndProject
Global
	GlobalSection(SolutionConfigurationPlatforms) = preSolution
		Debug|x64 = Debug|x64
		Debug|x86 = Debug|x86
		Release|x64 = Release|x64
		Release|x86 = Release|x86
	EndGlobalSection
	GlobalSection(ProjectConfigurationPlatforms) = postSolution
		{F4539168-9621-46B2-B4E4-363176B7712D}.Debug|x64.ActiveCfg = Debug|x64
		{F4539168-9621-46B2-B4E4-363176B7712D}.Debug|x64.Build.0 = Debug|x64
		{F4539168-9621-46B2-B4E4-363176B7712D}.Debug|x86.ActiveCfg = Debug|Win32
		{F4539168-9621-46B2-B4E4-363176B7712D}.Debug|x86.Build.0 = Debug|Win32
		{F4539168-9621-46B2-B4E4-363176B7712D}.Release|x64.ActiveCfg = Release|x64
		{F4539168-9621-46B2-B4E4-363176B7712D}.Release|x64.Build.0 = Release|x64
		{F4539168-9621-46B2-B4E4-363176B7712D}.Release|x86.ActiveCfg = Release|Win32
		{F4539168-9621-46B2-B4E4-363176B7712D}.Release|x86.Build.0 = Release|Win32
		{65B3C085-805F-4562-8D29-E77DF9E5BA14}.Debug|x64.ActiveCfg = Debug|x64
		{65B3C085-805F-4562-8D29-E77DF9E5BA14}.Debug|x64.Build.0 = Debug|x64
		{65B3C085-805F-4562-8D29-E77DF9E5BA14}.Debug|x86.ActiveCfg = Debug|Win32
		{65B3C085-805F-4562-8D29-E77DF9E5BA14}.Debug|x86.Build.0 = Debug|Win32
		{65B3C085-805F-4562-8D29-E77DF9E5BA14}.Release|x64.ActiveCfg = Release|x64
		{65B3C085-805F-4562-8D29-E77DF9E5BA14}.Release|x64.Build.0 = Release|x64
		{65B3C085-805F-4562-8D29-E77DF9E5BA14}.Release|x86.ActiveCfg = Release|Win32
		{65B3C085-805F-4562-8D29-E77DF9E5BA14}.Release|x86.Build.0 = Release|Win32
		{115DE8CC-5DBE-4EC6-93EE-5EC890ADD122}.Debug|x64.ActiveCfg = Debug|x64
		{115DE8CC-5DBE-4EC6-93EE-5EC890ADD122}.Debug|x64.Build.0 = Debug|x64
		{115DE8CC-5DBE-4EC6-93EE-5EC890ADD122}.Debug|x86.ActiveCfg = Debug|Win32
		{115DE8CC-5DBE-4EC6-93EE-5EC890ADD122}.Debug|x86.Build.0 = Debug|Win32
		{115DE8CC-5DBE-4EC6-93EE-5EC890ADD122}.Release|x64.ActiveCfg = Release|x64
		{115DE8CC-5DBE-4EC6-93EE-5EC890ADD122}.Release|x64.Build.0 = Release|x64
		{115DE8CC-5DBE-4EC6-93EE-5EC890ADD122}.Release|x86.ActiveCfg = Release|Win32
		{115DE8CC-5DBE-4EC6-93EE-5EC890ADD122}.Release|x86.Build.0 = Release|Win32
		{BF5ECB75-C6D1-4B2C-9B6F-F06154B09391}.Debug|x64.ActiveCfg = Debug|x64
		{BF5ECB75-C6D1-4B2C-9B6F-F06154B09391}.Debug|x64.Build.0 = Debug|x64
		{BF5ECB75-C6D1-4B2C-9B6F-F06154B09391}.Debug|x86.ActiveCfg = Debug|Win32
		{BF5ECB75-C6D1-4B2C-9B6F-F06154B09391}.Debug|x86.Build.0 = Debug|Win32
		{BF5ECB75-C6D1-4B2C-9B6F-F06154B09391}.Release|x64.ActiveCfg = Release|x64
		{BF5ECB75-C6D1-4B2C-9B6F-F06154B09391}.Release|x64.Build.0 = Release|x64
		{BF5ECB75-C6D1-4B2C-9B6F-F06154B09391}.Release|x86.ActiveCfg = Release|Win32
		{BF5ECB75-C6D1-4B2C-9B6F-F06154B09391}.Release|x86.Build.0 = Release|Win32
		{7F04A706-2763-482B-A408-75AD9F2FEB2C}.Debug|x64.ActiveCfg = Debug|x64
		{7F04A706-2763-482B-A408-75AD9F2FEB2C}.Debug|x64.Build.0 = Debug|x64
		{7F04A706-2763-482B-A408-75AD9F2FEB2C}.Debug|x86.ActiveCfg = Debug|Win32
		{7F04A706-2763-482B-A408-75AD9F2FEB2C}.Debug|x86.Build.0 = Debug|Win32
		{7F04A706-2763-482B-A408-75AD9F2FEB2C}.Release|x64.ActiveCfg = Release|x64
		{7F04A706-2763-482B-A408-75AD9F2FEB2C}.Release|x64.Build.0 = Release|x64
		{7F04A706-2763-482B-A408-75AD9F2FEB2C}.Release|x86.ActiveCfg = Release|Win32
		{7F04A706-2763-482B-A408-75AD9F2FEB2C}.Release|x86.Build.0 = Release|Win32
		{9EA1051A-2672-4C76-9818-C9608383F6CA}.Debug|x64.ActiveCfg = Debug|x64
		{9EA1051A-2672-4C76-9818-C9608383F6CA}.Debug|x64.Build.0 = Debug|x64
		{9EA1051A-2672-4C76-9818-C9608383F6CA}.Debug|x86.ActiveCfg = Debug|Win32
		{9EA1051A-2672-4C76-9818-C9608383F6CA}.Debug|x86.Build.0 = Debug|Win32
		{9EA1051A-2672-4C76-9818-C9608383F6CA}.Release|x64.ActiveCfg = Release|x64
		{9EA1051A-2672-4C76-9818-C9608383F6CA}.Release|x64.Build.0 = Release|x64
		{9EA1051A-2672-4C76-9818-C9608383F6CA}.Release|x86.ActiveCfg = Release|Win32
		{9EA1051A-2672-4C76-9818-C9608383F6CA}.Release|x86.Build.0 = Release|Win32
	EndGlobalSection
	GlobalSection(SolutionProperties) = preSolution
		HideSolutionNode = FALSE
	EndGlobalSection
	GlobalSection(ExtensibilityGlobals) = postSolution
		SolutionGuid = {50D2C9CA-E57D-4A3C-A312-712DAE228267}
	EndGlobalSection
EndGlobal
