
Microsoft Visual Studio Solution File, Format Version 12.00
# Visual Studio 15
VisualStudioVersion = 15.0.27130.2036
MinimumVisualStudioVersion = 10.0.40219.1
Project("{8BC9CEB8-8B4A-11D0-8D11-00A0C91BC942}") = "1", "1\1.vcxproj", "{2C6D851D-7826-40E3-9515-BE64C48AA433}"
EndProject
Project("{8BC9CEB8-8B4A-11D0-8D11-00A0C91BC942}") = "2", "2\2.vcxproj", "{EF171F6E-DA4A-44E3-8AF7-62D849919DD6}"
EndProject
Project("{8BC9CEB8-8B4A-11D0-8D11-00A0C91BC942}") = "3", "3\3.vcxproj", "{6C25D0C6-4B50-4306-84C3-45086EBA4F82}"
EndProject
Project("{8BC9CEB8-8B4A-11D0-8D11-00A0C91BC942}") = "4-1", "4-1\4-1.vcxproj", "{8A3C53FC-46B5-4FAD-B58F-3D74622029AA}"
EndProject
Project("{8BC9CEB8-8B4A-11D0-8D11-00A0C91BC942}") = "5-1", "5-1\5-1.vcxproj", "{A72415BA-D3FB-4854-9828-C667A3AFEE22}"
EndProject
Project("{8BC9CEB8-8B4A-11D0-8D11-00A0C91BC942}") = "5-2", "5-2\5-2.vcxproj", "{DDB6E353-72E6-4A64-898D-A6F121751A8B}"
EndProject
Project("{8BC9CEB8-8B4A-11D0-8D11-00A0C91BC942}") = "4-2", "4-2\4-2.vcxproj", "{A383AE56-405B-4F74-9E10-26CE8544AF0E}"
EndProject
Global
	GlobalSection(SolutionConfigurationPlatforms) = preSolution
		Debug|x64 = Debug|x64
		Debug|x86 = Debug|x86
		Release|x64 = Release|x64
		Release|x86 = Release|x86
	EndGlobalSection
	GlobalSection(ProjectConfigurationPlatforms) = postSolution
		{2C6D851D-7826-40E3-9515-BE64C48AA433}.Debug|x64.ActiveCfg = Debug|x64
		{2C6D851D-7826-40E3-9515-BE64C48AA433}.Debug|x64.Build.0 = Debug|x64
		{2C6D851D-7826-40E3-9515-BE64C48AA433}.Debug|x86.ActiveCfg = Debug|Win32
		{2C6D851D-7826-40E3-9515-BE64C48AA433}.Debug|x86.Build.0 = Debug|Win32
		{2C6D851D-7826-40E3-9515-BE64C48AA433}.Release|x64.ActiveCfg = Release|x64
		{2C6D851D-7826-40E3-9515-BE64C48AA433}.Release|x64.Build.0 = Release|x64
		{2C6D851D-7826-40E3-9515-BE64C48AA433}.Release|x86.ActiveCfg = Release|Win32
		{2C6D851D-7826-40E3-9515-BE64C48AA433}.Release|x86.Build.0 = Release|Win32
		{EF171F6E-DA4A-44E3-8AF7-62D849919DD6}.Debug|x64.ActiveCfg = Debug|x64
		{EF171F6E-DA4A-44E3-8AF7-62D849919DD6}.Debug|x64.Build.0 = Debug|x64
		{EF171F6E-DA4A-44E3-8AF7-62D849919DD6}.Debug|x86.ActiveCfg = Debug|Win32
		{EF171F6E-DA4A-44E3-8AF7-62D849919DD6}.Debug|x86.Build.0 = Debug|Win32
		{EF171F6E-DA4A-44E3-8AF7-62D849919DD6}.Release|x64.ActiveCfg = Release|x64
		{EF171F6E-DA4A-44E3-8AF7-62D849919DD6}.Release|x64.Build.0 = Release|x64
		{EF171F6E-DA4A-44E3-8AF7-62D849919DD6}.Release|x86.ActiveCfg = Release|Win32
		{EF171F6E-DA4A-44E3-8AF7-62D849919DD6}.Release|x86.Build.0 = Release|Win32
		{6C25D0C6-4B50-4306-84C3-45086EBA4F82}.Debug|x64.ActiveCfg = Debug|x64
		{6C25D0C6-4B50-4306-84C3-45086EBA4F82}.Debug|x64.Build.0 = Debug|x64
		{6C25D0C6-4B50-4306-84C3-45086EBA4F82}.Debug|x86.ActiveCfg = Debug|Win32
		{6C25D0C6-4B50-4306-84C3-45086EBA4F82}.Debug|x86.Build.0 = Debug|Win32
		{6C25D0C6-4B50-4306-84C3-45086EBA4F82}.Release|x64.ActiveCfg = Release|x64
		{6C25D0C6-4B50-4306-84C3-45086EBA4F82}.Release|x64.Build.0 = Release|x64
		{6C25D0C6-4B50-4306-84C3-45086EBA4F82}.Release|x86.ActiveCfg = Release|Win32
		{6C25D0C6-4B50-4306-84C3-45086EBA4F82}.Release|x86.Build.0 = Release|Win32
		{8A3C53FC-46B5-4FAD-B58F-3D74622029AA}.Debug|x64.ActiveCfg = Debug|x64
		{8A3C53FC-46B5-4FAD-B58F-3D74622029AA}.Debug|x64.Build.0 = Debug|x64
		{8A3C53FC-46B5-4FAD-B58F-3D74622029AA}.Debug|x86.ActiveCfg = Debug|Win32
		{8A3C53FC-46B5-4FAD-B58F-3D74622029AA}.Debug|x86.Build.0 = Debug|Win32
		{8A3C53FC-46B5-4FAD-B58F-3D74622029AA}.Release|x64.ActiveCfg = Release|x64
		{8A3C53FC-46B5-4FAD-B58F-3D74622029AA}.Release|x64.Build.0 = Release|x64
		{8A3C53FC-46B5-4FAD-B58F-3D74622029AA}.Release|x86.ActiveCfg = Release|Win32
		{8A3C53FC-46B5-4FAD-B58F-3D74622029AA}.Release|x86.Build.0 = Release|Win32
		{A72415BA-D3FB-4854-9828-C667A3AFEE22}.Debug|x64.ActiveCfg = Debug|x64
		{A72415BA-D3FB-4854-9828-C667A3AFEE22}.Debug|x64.Build.0 = Debug|x64
		{A72415BA-D3FB-4854-9828-C667A3AFEE22}.Debug|x86.ActiveCfg = Debug|Win32
		{A72415BA-D3FB-4854-9828-C667A3AFEE22}.Debug|x86.Build.0 = Debug|Win32
		{A72415BA-D3FB-4854-9828-C667A3AFEE22}.Release|x64.ActiveCfg = Release|x64
		{A72415BA-D3FB-4854-9828-C667A3AFEE22}.Release|x64.Build.0 = Release|x64
		{A72415BA-D3FB-4854-9828-C667A3AFEE22}.Release|x86.ActiveCfg = Release|Win32
		{A72415BA-D3FB-4854-9828-C667A3AFEE22}.Release|x86.Build.0 = Release|Win32
		{DDB6E353-72E6-4A64-898D-A6F121751A8B}.Debug|x64.ActiveCfg = Debug|x64
		{DDB6E353-72E6-4A64-898D-A6F121751A8B}.Debug|x64.Build.0 = Debug|x64
		{DDB6E353-72E6-4A64-898D-A6F121751A8B}.Debug|x86.ActiveCfg = Debug|Win32
		{DDB6E353-72E6-4A64-898D-A6F121751A8B}.Debug|x86.Build.0 = Debug|Win32
		{DDB6E353-72E6-4A64-898D-A6F121751A8B}.Release|x64.ActiveCfg = Release|x64
		{DDB6E353-72E6-4A64-898D-A6F121751A8B}.Release|x64.Build.0 = Release|x64
		{DDB6E353-72E6-4A64-898D-A6F121751A8B}.Release|x86.ActiveCfg = Release|Win32
		{DDB6E353-72E6-4A64-898D-A6F121751A8B}.Release|x86.Build.0 = Release|Win32
		{A383AE56-405B-4F74-9E10-26CE8544AF0E}.Debug|x64.ActiveCfg = Debug|x64
		{A383AE56-405B-4F74-9E10-26CE8544AF0E}.Debug|x64.Build.0 = Debug|x64
		{A383AE56-405B-4F74-9E10-26CE8544AF0E}.Debug|x86.ActiveCfg = Debug|Win32
		{A383AE56-405B-4F74-9E10-26CE8544AF0E}.Debug|x86.Build.0 = Debug|Win32
		{A383AE56-405B-4F74-9E10-26CE8544AF0E}.Release|x64.ActiveCfg = Release|x64
		{A383AE56-405B-4F74-9E10-26CE8544AF0E}.Release|x64.Build.0 = Release|x64
		{A383AE56-405B-4F74-9E10-26CE8544AF0E}.Release|x86.ActiveCfg = Release|Win32
		{A383AE56-405B-4F74-9E10-26CE8544AF0E}.Release|x86.Build.0 = Release|Win32
	EndGlobalSection
	GlobalSection(SolutionProperties) = preSolution
		HideSolutionNode = FALSE
	EndGlobalSection
	GlobalSection(ExtensibilityGlobals) = postSolution
		SolutionGuid = {F7ADF872-B943-4EDB-B5A9-34C630864BC8}
	EndGlobalSection
EndGlobal
